
Microsoft Visual Studio Solution File, Format Version 12.00
# Visual Studio 2012
Project("{FAE04EC0-301F-11D3-BF4B-00C04F79EFBC}") = "Donhefinson", "WindowsFormsApplication1\Donhefinson.csproj", "{0529EDC7-DC91-4193-98AC-A7F57AED1F38}"
EndProject
Global
	GlobalSection(SolutionConfigurationPlatforms) = preSolution
		Debug|Win32 = Debug|Win32
		Release|Win32 = Release|Win32
	EndGlobalSection
	GlobalSection(ProjectConfigurationPlatforms) = postSolution
		{0529EDC7-DC91-4193-98AC-A7F57AED1F38}.Debug|Win32.ActiveCfg = Debug|Any CPU
		{0529EDC7-DC91-4193-98AC-A7F57AED1F38}.Debug|Win32.Build.0 = Debug|Any CPU
		{0529EDC7-DC91-4193-98AC-A7F57AED1F38}.Release|Win32.ActiveCfg = Release|Any CPU
	EndGlobalSection
	GlobalSection(SolutionProperties) = preSolution
		HideSolutionNode = FALSE
	EndGlobalSection
EndGlobal
